// !$*UTF8*$!
{
	archiveVersion = 1;
	classes = {
	};
	objectVersion = 56;
	objects = {

/* Begin PBXBuildFile section */
		F1000001282A000000000001 /* FocusFlowApp.swift in Sources */ = {isa = PBXBuildFile; fileRef = F2000001282A000000000001 /* FocusFlowApp.swift */; };
		F1000002282A000000000002 /* ContentView.swift in Sources */ = {isa = PBXBuildFile; fileRef = F2000002282A000000000002 /* ContentView.swift */; };
		F1000003282A000000000003 /* SidebarView.swift in Sources */ = {isa = PBXBuildFile; fileRef = F2000003282A000000000003 /* SidebarView.swift */; };
		F1000004282A000000000004 /* MenuBarView.swift in Sources */ = {isa = PBXBuildFile; fileRef = F2000004282A000000000004 /* MenuBarView.swift */; };
		F1000005282A000000000005 /* TimerView.swift in Sources */ = {isa = PBXBuildFile; fileRef = F2000005282A000000000005 /* TimerView.swift */; };
		F1000006282A000000000006 /* TasksView.swift in Sources */ = {isa = PBXBuildFile; fileRef = F2000006282A000000000006 /* TasksView.swift */; };
		F1000007282A000000000007 /* NotesView.swift in Sources */ = {isa = PBXBuildFile; fileRef = F2000007282A000000000007 /* NotesView.swift */; };
		F1000008282A000000000008 /* MusicView.swift in Sources */ = {isa = PBXBuildFile; fileRef = F2000008282A000000000008 /* MusicView.swift */; };
		F1000009282A000000000009 /* TimerModels.swift in Sources */ = {isa = PBXBuildFile; fileRef = F2000009282A000000000009 /* TimerModels.swift */; };
		F100000A282A00000000000A /* TaskModels.swift in Sources */ = {isa = PBXBuildFile; fileRef = F200000A282A00000000000A /* TaskModels.swift */; };
		F100000B282A00000000000B /* SupabaseService.swift in Sources */ = {isa = PBXBuildFile; fileRef = F200000B282A00000000000B /* SupabaseService.swift */; };
		F100000C282A00000000000C /* AuthView.swift in Sources */ = {isa = PBXBuildFile; fileRef = F200000C282A00000000000C /* AuthView.swift */; };
		F10000B0282A0000000000B0 /* Assets.xcassets in Resources */ = {isa = PBXBuildFile; fileRef = F20000B0282A0000000000B0 /* Assets.xcassets */; };
		F10000D1282A0000000000D1 /* holy-water.mp3 in Resources */ = {isa = PBXBuildFile; fileRef = F20000D1282A0000000000D1 /* holy-water.mp3 */; };
		F10000D2282A0000000000D2 /* soft-focus.mp3 in Resources */ = {isa = PBXBuildFile; fileRef = F20000D2282A0000000000D2 /* soft-focus.mp3 */; };
		F10000D3282A0000000000D3 /* deep-focus.mp3 in Resources */ = {isa = PBXBuildFile; fileRef = F20000D3282A0000000000D3 /* deep-focus.mp3 */; };
/* End PBXBuildFile section */

/* Begin PBXFileReference section */
		F2000001282A000000000001 /* FocusFlowApp.swift */ = {isa = PBXFileReference; lastKnownFileType = sourcecode.swift; path = FocusFlowApp.swift; sourceTree = "<group>"; };
		F2000002282A000000000002 /* ContentView.swift */ = {isa = PBXFileReference; lastKnownFileType = sourcecode.swift; path = ContentView.swift; sourceTree = "<group>"; };
		F2000003282A000000000003 /* SidebarView.swift */ = {isa = PBXFileReference; lastKnownFileType = sourcecode.swift; path = SidebarView.swift; sourceTree = "<group>"; };
		F2000004282A000000000004 /* MenuBarView.swift */ = {isa = PBXFileReference; lastKnownFileType = sourcecode.swift; path = MenuBarView.swift; sourceTree = "<group>"; };
		F2000005282A000000000005 /* TimerView.swift */ = {isa = PBXFileReference; lastKnownFileType = sourcecode.swift; path = TimerView.swift; sourceTree = "<group>"; };
		F2000006282A000000000006 /* TasksView.swift */ = {isa = PBXFileReference; lastKnownFileType = sourcecode.swift; path = TasksView.swift; sourceTree = "<group>"; };
		F2000007282A000000000007 /* NotesView.swift */ = {isa = PBXFileReference; lastKnownFileType = sourcecode.swift; path = NotesView.swift; sourceTree = "<group>"; };
		F2000008282A000000000008 /* MusicView.swift */ = {isa = PBXFileReference; lastKnownFileType = sourcecode.swift; path = MusicView.swift; sourceTree = "<group>"; };
		F2000009282A000000000009 /* TimerModels.swift */ = {isa = PBXFileReference; lastKnownFileType = sourcecode.swift; path = TimerModels.swift; sourceTree = "<group>"; };
		F200000A282A00000000000A /* TaskModels.swift */ = {isa = PBXFileReference; lastKnownFileType = sourcecode.swift; path = TaskModels.swift; sourceTree = "<group>"; };
		F200000B282A00000000000B /* SupabaseService.swift */ = {isa = PBXFileReference; lastKnownFileType = sourcecode.swift; path = SupabaseService.swift; sourceTree = "<group>"; };
		F200000C282A00000000000C /* AuthView.swift */ = {isa = PBXFileReference; lastKnownFileType = sourcecode.swift; path = AuthView.swift; sourceTree = "<group>"; };
		F20000B0282A0000000000B0 /* Assets.xcassets */ = {isa = PBXFileReference; lastKnownFileType = folder.assetcatalog; path = Assets.xcassets; sourceTree = "<group>"; };
		F20000C0282A0000000000C0 /* Info.plist */ = {isa = PBXFileReference; lastKnownFileType = text.plist.xml; path = Info.plist; sourceTree = "<group>"; };
		F20000C1282A0000000000C1 /* FocusFlow.entitlements */ = {isa = PBXFileReference; lastKnownFileType = text.plist.entitlements; path = FocusFlow.entitlements; sourceTree = "<group>"; };
		F20000D1282A0000000000D1 /* holy-water.mp3 */ = {isa = PBXFileReference; lastKnownFileType = audio.mp3; path = "holy-water.mp3"; sourceTree = "<group>"; };
		F20000D2282A0000000000D2 /* soft-focus.mp3 */ = {isa = PBXFileReference; lastKnownFileType = audio.mp3; path = "soft-focus.mp3"; sourceTree = "<group>"; };
		F20000D3282A0000000000D3 /* deep-focus.mp3 */ = {isa = PBXFileReference; lastKnownFileType = audio.mp3; path = "deep-focus.mp3"; sourceTree = "<group>"; };
		F3000000282A000000000000 /* FocusFlow.app */ = {isa = PBXFileReference; explicitFileType = wrapper.application; includeInIndex = 0; path = FocusFlow.app; sourceTree = BUILT_PRODUCTS_DIR; };
/* End PBXFileReference section */

/* Begin PBXFrameworksBuildPhase section */
		F4000000282A000000000000 /* Frameworks */ = {
			isa = PBXFrameworksBuildPhase;
			buildActionMask = 2147483647;
			files = (
			);
			runOnlyForDeploymentPostprocessing = 0;
		};
/* End PBXFrameworksBuildPhase section */

/* Begin PBXGroup section */
		F5000000282A000000000000 = {
			isa = PBXGroup;
			children = (
				F5000001282A000000000001 /* FocusFlow */,
				F5000002282A000000000002 /* Products */,
			);
			sourceTree = "<group>";
		};
		F5000001282A000000000001 /* FocusFlow */ = {
			isa = PBXGroup;
			children = (
				F5000010282A000000000010 /* App */,
				F5000011282A000000000011 /* Views */,
				F5000012282A000000000012 /* Models */,
				F5000014282A000000000014 /* Services */,
				F5000013282A000000000013 /* Resources */,
				F20000C0282A0000000000C0 /* Info.plist */,
				F20000C1282A0000000000C1 /* FocusFlow.entitlements */,
			);
			path = FocusFlow;
			sourceTree = "<group>";
		};
		F5000002282A000000000002 /* Products */ = {
			isa = PBXGroup;
			children = (
				F3000000282A000000000000 /* FocusFlow.app */,
			);
			name = Products;
			sourceTree = "<group>";
		};
		F5000010282A000000000010 /* App */ = {
			isa = PBXGroup;
			children = (
				F2000001282A000000000001 /* FocusFlowApp.swift */,
				F2000002282A000000000002 /* ContentView.swift */,
			);
			path = App;
			sourceTree = "<group>";
		};
		F5000011282A000000000011 /* Views */ = {
			isa = PBXGroup;
			children = (
				F5000020282A000000000020 /* Sidebar */,
				F5000021282A000000000021 /* Timer */,
				F5000022282A000000000022 /* Tasks */,
				F5000023282A000000000023 /* Notes */,
				F5000024282A000000000024 /* Music */,
				F5000025282A000000000025 /* Auth */,
			);
			path = Views;
			sourceTree = "<group>";
		};
		F5000012282A000000000012 /* Models */ = {
			isa = PBXGroup;
			children = (
				F2000009282A000000000009 /* TimerModels.swift */,
				F200000A282A00000000000A /* TaskModels.swift */,
			);
			path = Models;
			sourceTree = "<group>";
		};
		F5000013282A000000000013 /* Resources */ = {
			isa = PBXGroup;
			children = (
				F20000B0282A0000000000B0 /* Assets.xcassets */,
				F5000030282A000000000030 /* Audio */,
			);
			path = Resources;
			sourceTree = "<group>";
		};
		F5000030282A000000000030 /* Audio */ = {
			isa = PBXGroup;
			children = (
				F20000D1282A0000000000D1 /* holy-water.mp3 */,
				F20000D2282A0000000000D2 /* soft-focus.mp3 */,
				F20000D3282A0000000000D3 /* deep-focus.mp3 */,
			);
			path = Audio;
			sourceTree = "<group>";
		};
		F5000020282A000000000020 /* Sidebar */ = {
			isa = PBXGroup;
			children = (
				F2000003282A000000000003 /* SidebarView.swift */,
				F2000004282A000000000004 /* MenuBarView.swift */,
			);
			path = Sidebar;
			sourceTree = "<group>";
		};
		F5000021282A000000000021 /* Timer */ = {
			isa = PBXGroup;
			children = (
				F2000005282A000000000005 /* TimerView.swift */,
			);
			path = Timer;
			sourceTree = "<group>";
		};
		F5000022282A000000000022 /* Tasks */ = {
			isa = PBXGroup;
			children = (
				F2000006282A000000000006 /* TasksView.swift */,
			);
			path = Tasks;
			sourceTree = "<group>";
		};
		F5000023282A000000000023 /* Notes */ = {
			isa = PBXGroup;
			children = (
				F2000007282A000000000007 /* NotesView.swift */,
			);
			path = Notes;
			sourceTree = "<group>";
		};
		F5000024282A000000000024 /* Music */ = {
			isa = PBXGroup;
			children = (
				F2000008282A000000000008 /* MusicView.swift */,
			);
			path = Music;
			sourceTree = "<group>";
		};
		F5000025282A000000000025 /* Auth */ = {
			isa = PBXGroup;
			children = (
				F200000C282A00000000000C /* AuthView.swift */,
			);
			path = Auth;
			sourceTree = "<group>";
		};
		F5000014282A000000000014 /* Services */ = {
			isa = PBXGroup;
			children = (
				F200000B282A00000000000B /* SupabaseService.swift */,
			);
			path = Services;
			sourceTree = "<group>";
		};
/* End PBXGroup section */

/* Begin PBXNativeTarget section */
		F6000000282A000000000000 /* FocusFlow */ = {
			isa = PBXNativeTarget;
			buildConfigurationList = F7000000282A000000000000 /* Build configuration list for PBXNativeTarget "FocusFlow" */;
			buildPhases = (
				F4000001282A000000000001 /* Sources */,
				F4000000282A000000000000 /* Frameworks */,
				F4000002282A000000000002 /* Resources */,
			);
			buildRules = (
			);
			dependencies = (
			);
			name = FocusFlow;
			productName = FocusFlow;
			productReference = F3000000282A000000000000 /* FocusFlow.app */;
			productType = "com.apple.product-type.application";
		};
/* End PBXNativeTarget section */

/* Begin PBXProject section */
		F8000000282A000000000000 /* Project object */ = {
			isa = PBXProject;
			attributes = {
				BuildIndependentTargetsInParallel = 1;
				LastSwiftUpdateCheck = 1500;
				LastUpgradeCheck = 1500;
				TargetAttributes = {
					F6000000282A000000000000 = {
						CreatedOnToolsVersion = 15.0;
					};
				};
			};
			buildConfigurationList = F7000001282A000000000001 /* Build configuration list for PBXProject "FocusFlow" */;
			compatibilityVersion = "Xcode 14.0";
			developmentRegion = en;
			hasScannedForEncodings = 0;
			knownRegions = (
				en,
				Base,
			);
			mainGroup = F5000000282A000000000000;
			productRefGroup = F5000002282A000000000002 /* Products */;
			projectDirPath = "";
			projectRoot = "";
			targets = (
				F6000000282A000000000000 /* FocusFlow */,
			);
		};
/* End PBXProject section */

/* Begin PBXResourcesBuildPhase section */
		F4000002282A000000000002 /* Resources */ = {
			isa = PBXResourcesBuildPhase;
			buildActionMask = 2147483647;
			files = (
				F10000B0282A0000000000B0 /* Assets.xcassets in Resources */,
				F10000D1282A0000000000D1 /* holy-water.mp3 in Resources */,
				F10000D2282A0000000000D2 /* soft-focus.mp3 in Resources */,
				F10000D3282A0000000000D3 /* deep-focus.mp3 in Resources */,
			);
			runOnlyForDeploymentPostprocessing = 0;
		};
/* End PBXResourcesBuildPhase section */

/* Begin PBXSourcesBuildPhase section */
		F4000001282A000000000001 /* Sources */ = {
			isa = PBXSourcesBuildPhase;
			buildActionMask = 2147483647;
			files = (
				F1000001282A000000000001 /* FocusFlowApp.swift in Sources */,
				F1000002282A000000000002 /* ContentView.swift in Sources */,
				F1000003282A000000000003 /* SidebarView.swift in Sources */,
				F1000004282A000000000004 /* MenuBarView.swift in Sources */,
				F1000005282A000000000005 /* TimerView.swift in Sources */,
				F1000006282A000000000006 /* TasksView.swift in Sources */,
				F1000007282A000000000007 /* NotesView.swift in Sources */,
				F1000008282A000000000008 /* MusicView.swift in Sources */,
				F1000009282A000000000009 /* TimerModels.swift in Sources */,
				F100000A282A00000000000A /* TaskModels.swift in Sources */,
				F100000B282A00000000000B /* SupabaseService.swift in Sources */,
				F100000C282A00000000000C /* AuthView.swift in Sources */,
			);
			runOnlyForDeploymentPostprocessing = 0;
		};
/* End PBXSourcesBuildPhase section */

/* Begin XCBuildConfiguration section */
		F9000001282A000000000001 /* Debug */ = {
			isa = XCBuildConfiguration;
			buildSettings = {
				ALWAYS_SEARCH_USER_PATHS = NO;
				ASSETCATALOG_COMPILER_GENERATE_SWIFT_ASSET_SYMBOL_EXTENSIONS = YES;
				CLANG_ANALYZER_NONNULL = YES;
				CLANG_ANALYZER_NUMBER_OBJECT_CONVERSION = YES_AGGRESSIVE;
				CLANG_CXX_LANGUAGE_STANDARD = "gnu++20";
				CLANG_ENABLE_MODULES = YES;
				CLANG_ENABLE_OBJC_ARC = YES;
				CLANG_ENABLE_OBJC_WEAK = YES;
				CLANG_WARN_BLOCK_CAPTURE_AUTORELEASING = YES;
				CLANG_WARN_BOOL_CONVERSION = YES;
				CLANG_WARN_COMMA = YES;
				CLANG_WARN_CONSTANT_CONVERSION = YES;
				CLANG_WARN_DEPRECATED_OBJC_IMPLEMENTATIONS = YES;
				CLANG_WARN_DIRECT_OBJC_ISA_USAGE = YES_ERROR;
				CLANG_WARN_DOCUMENTATION_COMMENTS = YES;
				CLANG_WARN_EMPTY_BODY = YES;
				CLANG_WARN_ENUM_CONVERSION = YES;
				CLANG_WARN_INFINITE_RECURSION = YES;
				CLANG_WARN_INT_CONVERSION = YES;
				CLANG_WARN_NON_LITERAL_NULL_CONVERSION = YES;
				CLANG_WARN_OBJC_IMPLICIT_RETAIN_SELF = YES;
				CLANG_WARN_OBJC_LITERAL_CONVERSION = YES;
				CLANG_WARN_OBJC_ROOT_CLASS = YES_ERROR;
				CLANG_WARN_QUOTED_INCLUDE_IN_FRAMEWORK_HEADER = YES;
				CLANG_WARN_RANGE_LOOP_ANALYSIS = YES;
				CLANG_WARN_STRICT_PROTOTYPES = YES;
				CLANG_WARN_SUSPICIOUS_MOVE = YES;
				CLANG_WARN_UNGUARDED_AVAILABILITY = YES_AGGRESSIVE;
				CLANG_WARN_UNREACHABLE_CODE = YES;
				CLANG_WARN__DUPLICATE_METHOD_MATCH = YES;
				COPY_PHASE_STRIP = NO;
				DEBUG_INFORMATION_FORMAT = dwarf;
				ENABLE_STRICT_OBJC_MSGSEND = YES;
				ENABLE_TESTABILITY = YES;
				ENABLE_USER_SCRIPT_SANDBOXING = YES;
				GCC_C_LANGUAGE_STANDARD = gnu17;
				GCC_DYNAMIC_NO_PIC = NO;
				GCC_NO_COMMON_BLOCKS = YES;
				GCC_OPTIMIZATION_LEVEL = 0;
				GCC_PREPROCESSOR_DEFINITIONS = (
					"DEBUG=1",
					"$(inherited)",
				);
				GCC_WARN_64_TO_32_BIT_CONVERSION = YES;
				GCC_WARN_ABOUT_RETURN_TYPE = YES_ERROR;
				GCC_WARN_UNDECLARED_SELECTOR = YES;
				GCC_WARN_UNINITIALIZED_AUTOS = YES_AGGRESSIVE;
				GCC_WARN_UNUSED_FUNCTION = YES;
				GCC_WARN_UNUSED_VARIABLE = YES;
				LOCALIZATION_PREFERS_STRING_CATALOGS = YES;
				MACOSX_DEPLOYMENT_TARGET = 13.0;
				MTL_ENABLE_DEBUG_INFO = INCLUDE_SOURCE;
				MTL_FAST_MATH = YES;
				ONLY_ACTIVE_ARCH = YES;
				SDKROOT = macosx;
				SWIFT_ACTIVE_COMPILATION_CONDITIONS = "DEBUG $(inherited)";
				SWIFT_OPTIMIZATION_LEVEL = "-Onone";
			};
			name = Debug;
		};
		F9000002282A000000000002 /* Release */ = {
			isa = XCBuildConfiguration;
			buildSettings = {
				ALWAYS_SEARCH_USER_PATHS = NO;
				ASSETCATALOG_COMPILER_GENERATE_SWIFT_ASSET_SYMBOL_EXTENSIONS = YES;
				CLANG_ANALYZER_NONNULL = YES;
				CLANG_ANALYZER_NUMBER_OBJECT_CONVERSION = YES_AGGRESSIVE;
				CLANG_CXX_LANGUAGE_STANDARD = "gnu++20";
				CLANG_ENABLE_MODULES = YES;
				CLANG_ENABLE_OBJC_ARC = YES;
				CLANG_ENABLE_OBJC_WEAK = YES;
				CLANG_WARN_BLOCK_CAPTURE_AUTORELEASING = YES;
				CLANG_WARN_BOOL_CONVERSION = YES;
				CLANG_WARN_COMMA = YES;
				CLANG_WARN_CONSTANT_CONVERSION = YES;
				CLANG_WARN_DEPRECATED_OBJC_IMPLEMENTATIONS = YES;
				CLANG_WARN_DIRECT_OBJC_ISA_USAGE = YES_ERROR;
				CLANG_WARN_DOCUMENTATION_COMMENTS = YES;
				CLANG_WARN_EMPTY_BODY = YES;
				CLANG_WARN_ENUM_CONVERSION = YES;
				CLANG_WARN_INFINITE_RECURSION = YES;
				CLANG_WARN_INT_CONVERSION = YES;
				CLANG_WARN_NON_LITERAL_NULL_CONVERSION = YES;
				CLANG_WARN_OBJC_IMPLICIT_RETAIN_SELF = YES;
				CLANG_WARN_OBJC_LITERAL_CONVERSION = YES;
				CLANG_WARN_OBJC_ROOT_CLASS = YES_ERROR;
				CLANG_WARN_QUOTED_INCLUDE_IN_FRAMEWORK_HEADER = YES;
				CLANG_WARN_RANGE_LOOP_ANALYSIS = YES;
				CLANG_WARN_STRICT_PROTOTYPES = YES;
				CLANG_WARN_SUSPICIOUS_MOVE = YES;
				CLANG_WARN_UNGUARDED_AVAILABILITY = YES_AGGRESSIVE;
				CLANG_WARN_UNREACHABLE_CODE = YES;
				CLANG_WARN__DUPLICATE_METHOD_MATCH = YES;
				COPY_PHASE_STRIP = NO;
				DEBUG_INFORMATION_FORMAT = "dwarf-with-dsym";
				ENABLE_NS_ASSERTIONS = NO;
				ENABLE_STRICT_OBJC_MSGSEND = YES;
				ENABLE_USER_SCRIPT_SANDBOXING = YES;
				GCC_C_LANGUAGE_STANDARD = gnu17;
				GCC_NO_COMMON_BLOCKS = YES;
				GCC_WARN_64_TO_32_BIT_CONVERSION = YES;
				GCC_WARN_ABOUT_RETURN_TYPE = YES_ERROR;
				GCC_WARN_UNDECLARED_SELECTOR = YES;
				GCC_WARN_UNINITIALIZED_AUTOS = YES_AGGRESSIVE;
				GCC_WARN_UNUSED_FUNCTION = YES;
				GCC_WARN_UNUSED_VARIABLE = YES;
				LOCALIZATION_PREFERS_STRING_CATALOGS = YES;
				MACOSX_DEPLOYMENT_TARGET = 13.0;
				MTL_ENABLE_DEBUG_INFO = NO;
				MTL_FAST_MATH = YES;
				SDKROOT = macosx;
				SWIFT_COMPILATION_MODE = wholemodule;
			};
			name = Release;
		};
		F9000003282A000000000003 /* Debug */ = {
			isa = XCBuildConfiguration;
			buildSettings = {
				ASSETCATALOG_COMPILER_APPICON_NAME = AppIcon;
				ASSETCATALOG_COMPILER_GLOBAL_ACCENT_COLOR_NAME = AccentColor;
				CODE_SIGN_ENTITLEMENTS = FocusFlow/FocusFlow.entitlements;
				CODE_SIGN_STYLE = Automatic;
				COMBINE_HIDPI_IMAGES = YES;
				CURRENT_PROJECT_VERSION = 1;
				DEVELOPMENT_TEAM = "";
				ENABLE_HARDENED_RUNTIME = YES;
				GENERATE_INFOPLIST_FILE = YES;
				INFOPLIST_FILE = FocusFlow/Info.plist;
				INFOPLIST_KEY_CFBundleDisplayName = FocusFlow;
				INFOPLIST_KEY_LSApplicationCategoryType = "public.app-category.productivity";
				INFOPLIST_KEY_LSUIElement = YES;
				INFOPLIST_KEY_NSHumanReadableCopyright = "";
				LD_RUNPATH_SEARCH_PATHS = (
					"$(inherited)",
					"@executable_path/../Frameworks",
				);
				MARKETING_VERSION = 1.0;
				PRODUCT_BUNDLE_IDENTIFIER = com.focusflow.app;
				PRODUCT_NAME = "$(TARGET_NAME)";
				SWIFT_EMIT_LOC_STRINGS = YES;
				SWIFT_VERSION = 5.0;
			};
			name = Debug;
		};
		F9000004282A000000000004 /* Release */ = {
			isa = XCBuildConfiguration;
			buildSettings = {
				ASSETCATALOG_COMPILER_APPICON_NAME = AppIcon;
				ASSETCATALOG_COMPILER_GLOBAL_ACCENT_COLOR_NAME = AccentColor;
				CODE_SIGN_ENTITLEMENTS = FocusFlow/FocusFlow.entitlements;
				CODE_SIGN_STYLE = Automatic;
				COMBINE_HIDPI_IMAGES = YES;
				CURRENT_PROJECT_VERSION = 1;
				DEVELOPMENT_TEAM = "";
				ENABLE_HARDENED_RUNTIME = YES;
				GENERATE_INFOPLIST_FILE = YES;
				INFOPLIST_FILE = FocusFlow/Info.plist;
				INFOPLIST_KEY_CFBundleDisplayName = FocusFlow;
				INFOPLIST_KEY_LSApplicationCategoryType = "public.app-category.productivity";
				INFOPLIST_KEY_LSUIElement = YES;
				INFOPLIST_KEY_NSHumanReadableCopyright = "";
				LD_RUNPATH_SEARCH_PATHS = (
					"$(inherited)",
					"@executable_path/../Frameworks",
				);
				MARKETING_VERSION = 1.0;
				PRODUCT_BUNDLE_IDENTIFIER = com.focusflow.app;
				PRODUCT_NAME = "$(TARGET_NAME)";
				SWIFT_EMIT_LOC_STRINGS = YES;
				SWIFT_VERSION = 5.0;
			};
			name = Release;
		};
/* End XCBuildConfiguration section */

/* Begin XCConfigurationList section */
		F7000000282A000000000000 /* Build configuration list for PBXNativeTarget "FocusFlow" */ = {
			isa = XCConfigurationList;
			buildConfigurations = (
				F9000003282A000000000003 /* Debug */,
				F9000004282A000000000004 /* Release */,
			);
			defaultConfigurationIsVisible = 0;
			defaultConfigurationName = Release;
		};
		F7000001282A000000000001 /* Build configuration list for PBXProject "FocusFlow" */ = {
			isa = XCConfigurationList;
			buildConfigurations = (
				F9000001282A000000000001 /* Debug */,
				F9000002282A000000000002 /* Release */,
			);
			defaultConfigurationIsVisible = 0;
			defaultConfigurationName = Release;
		};
/* End XCConfigurationList section */
	};
	rootObject = F8000000282A000000000000 /* Project object */;
}
